
Microsoft Visual Studio Solution File, Format Version 12.00
# Visual Studio Version 17
VisualStudioVersion = 17.8.34525.116
MinimumVisualStudioVersion = 10.0.40219.1
Project("{FAE04EC0-301F-11D3-BF4B-00C04F79EFBC}") = "GameDataParser", "GameDataParser\GameDataParser.csproj", "{67AC3AC7-950A-47FD-BD92-B28107097CE4}"
EndProject
Global
	GlobalSection(SolutionConfigurationPlatforms) = preSolution
		Debug|Any CPU = Debug|Any CPU
		Release|Any CPU = Release|Any CPU
	EndGlobalSection
	GlobalSection(ProjectConfigurationPlatforms) = postSolution
		{67AC3AC7-950A-47FD-BD92-B28107097CE4}.Debug|Any CPU.ActiveCfg = Debug|Any CPU
		{67AC3AC7-950A-47FD-BD92-B28107097CE4}.Debug|Any CPU.Build.0 = Debug|Any CPU
		{67AC3AC7-950A-47FD-BD92-B28107097CE4}.Release|Any CPU.ActiveCfg = Release|Any CPU
		{67AC3AC7-950A-47FD-BD92-B28107097CE4}.Release|Any CPU.Build.0 = Release|Any CPU
	EndGlobalSection
	GlobalSection(SolutionProperties) = preSolution
		HideSolutionNode = FALSE
	EndGlobalSection
	GlobalSection(ExtensibilityGlobals) = postSolution
		SolutionGuid = {383A3D02-A906-42AA-9477-746005CE0BAD}
	EndGlobalSection
EndGlobal
